
Microsoft Visual Studio Solution File, Format Version 12.00
Project("{FAE04EC0-301F-11D3-BF4B-00C04F79EFBC}") = "day1", "day1\day1.csproj", "{AAA114AC-ED0D-46C2-9574-7516C9FB30F5}"
EndProject
Global
	GlobalSection(SolutionConfigurationPlatforms) = preSolution
		Debug|Any CPU = Debug|Any CPU
		Release|Any CPU = Release|Any CPU
	EndGlobalSection
	GlobalSection(ProjectConfigurationPlatforms) = postSolution
		{AAA114AC-ED0D-46C2-9574-7516C9FB30F5}.Debug|Any CPU.ActiveCfg = Debug|Any CPU
		{AAA114AC-ED0D-46C2-9574-7516C9FB30F5}.Debug|Any CPU.Build.0 = Debug|Any CPU
		{AAA114AC-ED0D-46C2-9574-7516C9FB30F5}.Release|Any CPU.ActiveCfg = Release|Any CPU
		{AAA114AC-ED0D-46C2-9574-7516C9FB30F5}.Release|Any CPU.Build.0 = Release|Any CPU
	EndGlobalSection
EndGlobal
